
Microsoft Visual Studio Solution File, Format Version 12.00
# Visual Studio 15
VisualStudioVersion = 15.0.26124.0
MinimumVisualStudioVersion = 15.0.26124.0
Project("{FAE04EC0-301F-11D3-BF4B-00C04F79EFBC}") = "NET_CMONO.MVC", "NET_CMONO.MVC\NET_CMONO.MVC.csproj", "{F8F83621-B17F-49BD-AFA9-55463C716C89}"
EndProject
Project("{FAE04EC0-301F-11D3-BF4B-00C04F79EFBC}") = "NET_CMONO.Model", "NET_CMONO.Model\NET_CMONO.Model.csproj", "{D0FF61FA-94B8-4204-BF73-C76F6FD54303}"
EndProject
Project("{FAE04EC0-301F-11D3-BF4B-00C04F79EFBC}") = "NET_CMONO.DtoModel", "NET_CMONO.DtoModel\NET_CMONO.DtoModel.csproj", "{578761AC-B5DD-4C1E-8706-D804416BC7A4}"
EndProject
Project("{FAE04EC0-301F-11D3-BF4B-00C04F79EFBC}") = "NET_CMONO.Framework", "NET_CMONO.Framework\NET_CMONO.Framework.csproj", "{CC19720F-BE8E-43A4-9CB2-B0DDA935EE68}"
EndProject
Project("{FAE04EC0-301F-11D3-BF4B-00C04F79EFBC}") = "NET_CMONO.Service", "NET_CMONO.Service\NET_CMONO.Service.csproj", "{A9915F40-5508-4E2C-A3A8-66C320FA3D21}"
EndProject
Project("{FAE04EC0-301F-11D3-BF4B-00C04F79EFBC}") = "NET_CMONO.EfRepository", "NET_CMONO.EfRepository\NET_CMONO.EfRepository.csproj", "{F4434ACE-5949-4D49-AA7C-3D7E96C3BF8F}"
EndProject
Global
	GlobalSection(SolutionConfigurationPlatforms) = preSolution
		Debug|Any CPU = Debug|Any CPU
		Debug|x64 = Debug|x64
		Debug|x86 = Debug|x86
		Release|Any CPU = Release|Any CPU
		Release|x64 = Release|x64
		Release|x86 = Release|x86
	EndGlobalSection
	GlobalSection(SolutionProperties) = preSolution
		HideSolutionNode = FALSE
	EndGlobalSection
	GlobalSection(ProjectConfigurationPlatforms) = postSolution
		{F8F83621-B17F-49BD-AFA9-55463C716C89}.Debug|Any CPU.ActiveCfg = Debug|Any CPU
		{F8F83621-B17F-49BD-AFA9-55463C716C89}.Debug|Any CPU.Build.0 = Debug|Any CPU
		{F8F83621-B17F-49BD-AFA9-55463C716C89}.Debug|x64.ActiveCfg = Debug|x64
		{F8F83621-B17F-49BD-AFA9-55463C716C89}.Debug|x64.Build.0 = Debug|x64
		{F8F83621-B17F-49BD-AFA9-55463C716C89}.Debug|x86.ActiveCfg = Debug|x86
		{F8F83621-B17F-49BD-AFA9-55463C716C89}.Debug|x86.Build.0 = Debug|x86
		{F8F83621-B17F-49BD-AFA9-55463C716C89}.Release|Any CPU.ActiveCfg = Release|Any CPU
		{F8F83621-B17F-49BD-AFA9-55463C716C89}.Release|Any CPU.Build.0 = Release|Any CPU
		{F8F83621-B17F-49BD-AFA9-55463C716C89}.Release|x64.ActiveCfg = Release|x64
		{F8F83621-B17F-49BD-AFA9-55463C716C89}.Release|x64.Build.0 = Release|x64
		{F8F83621-B17F-49BD-AFA9-55463C716C89}.Release|x86.ActiveCfg = Release|x86
		{F8F83621-B17F-49BD-AFA9-55463C716C89}.Release|x86.Build.0 = Release|x86
		{D0FF61FA-94B8-4204-BF73-C76F6FD54303}.Debug|Any CPU.ActiveCfg = Debug|Any CPU
		{D0FF61FA-94B8-4204-BF73-C76F6FD54303}.Debug|Any CPU.Build.0 = Debug|Any CPU
		{D0FF61FA-94B8-4204-BF73-C76F6FD54303}.Debug|x64.ActiveCfg = Debug|x64
		{D0FF61FA-94B8-4204-BF73-C76F6FD54303}.Debug|x64.Build.0 = Debug|x64
		{D0FF61FA-94B8-4204-BF73-C76F6FD54303}.Debug|x86.ActiveCfg = Debug|x86
		{D0FF61FA-94B8-4204-BF73-C76F6FD54303}.Debug|x86.Build.0 = Debug|x86
		{D0FF61FA-94B8-4204-BF73-C76F6FD54303}.Release|Any CPU.ActiveCfg = Release|Any CPU
		{D0FF61FA-94B8-4204-BF73-C76F6FD54303}.Release|Any CPU.Build.0 = Release|Any CPU
		{D0FF61FA-94B8-4204-BF73-C76F6FD54303}.Release|x64.ActiveCfg = Release|x64
		{D0FF61FA-94B8-4204-BF73-C76F6FD54303}.Release|x64.Build.0 = Release|x64
		{D0FF61FA-94B8-4204-BF73-C76F6FD54303}.Release|x86.ActiveCfg = Release|x86
		{D0FF61FA-94B8-4204-BF73-C76F6FD54303}.Release|x86.Build.0 = Release|x86
		{578761AC-B5DD-4C1E-8706-D804416BC7A4}.Debug|Any CPU.ActiveCfg = Debug|Any CPU
		{578761AC-B5DD-4C1E-8706-D804416BC7A4}.Debug|Any CPU.Build.0 = Debug|Any CPU
		{578761AC-B5DD-4C1E-8706-D804416BC7A4}.Debug|x64.ActiveCfg = Debug|x64
		{578761AC-B5DD-4C1E-8706-D804416BC7A4}.Debug|x64.Build.0 = Debug|x64
		{578761AC-B5DD-4C1E-8706-D804416BC7A4}.Debug|x86.ActiveCfg = Debug|x86
		{578761AC-B5DD-4C1E-8706-D804416BC7A4}.Debug|x86.Build.0 = Debug|x86
		{578761AC-B5DD-4C1E-8706-D804416BC7A4}.Release|Any CPU.ActiveCfg = Release|Any CPU
		{578761AC-B5DD-4C1E-8706-D804416BC7A4}.Release|Any CPU.Build.0 = Release|Any CPU
		{578761AC-B5DD-4C1E-8706-D804416BC7A4}.Release|x64.ActiveCfg = Release|x64
		{578761AC-B5DD-4C1E-8706-D804416BC7A4}.Release|x64.Build.0 = Release|x64
		{578761AC-B5DD-4C1E-8706-D804416BC7A4}.Release|x86.ActiveCfg = Release|x86
		{578761AC-B5DD-4C1E-8706-D804416BC7A4}.Release|x86.Build.0 = Release|x86
		{CC19720F-BE8E-43A4-9CB2-B0DDA935EE68}.Debug|Any CPU.ActiveCfg = Debug|Any CPU
		{CC19720F-BE8E-43A4-9CB2-B0DDA935EE68}.Debug|Any CPU.Build.0 = Debug|Any CPU
		{CC19720F-BE8E-43A4-9CB2-B0DDA935EE68}.Debug|x64.ActiveCfg = Debug|x64
		{CC19720F-BE8E-43A4-9CB2-B0DDA935EE68}.Debug|x64.Build.0 = Debug|x64
		{CC19720F-BE8E-43A4-9CB2-B0DDA935EE68}.Debug|x86.ActiveCfg = Debug|x86
		{CC19720F-BE8E-43A4-9CB2-B0DDA935EE68}.Debug|x86.Build.0 = Debug|x86
		{CC19720F-BE8E-43A4-9CB2-B0DDA935EE68}.Release|Any CPU.ActiveCfg = Release|Any CPU
		{CC19720F-BE8E-43A4-9CB2-B0DDA935EE68}.Release|Any CPU.Build.0 = Release|Any CPU
		{CC19720F-BE8E-43A4-9CB2-B0DDA935EE68}.Release|x64.ActiveCfg = Release|x64
		{CC19720F-BE8E-43A4-9CB2-B0DDA935EE68}.Release|x64.Build.0 = Release|x64
		{CC19720F-BE8E-43A4-9CB2-B0DDA935EE68}.Release|x86.ActiveCfg = Release|x86
		{CC19720F-BE8E-43A4-9CB2-B0DDA935EE68}.Release|x86.Build.0 = Release|x86
		{A9915F40-5508-4E2C-A3A8-66C320FA3D21}.Debug|Any CPU.ActiveCfg = Debug|Any CPU
		{A9915F40-5508-4E2C-A3A8-66C320FA3D21}.Debug|Any CPU.Build.0 = Debug|Any CPU
		{A9915F40-5508-4E2C-A3A8-66C320FA3D21}.Debug|x64.ActiveCfg = Debug|x64
		{A9915F40-5508-4E2C-A3A8-66C320FA3D21}.Debug|x64.Build.0 = Debug|x64
		{A9915F40-5508-4E2C-A3A8-66C320FA3D21}.Debug|x86.ActiveCfg = Debug|x86
		{A9915F40-5508-4E2C-A3A8-66C320FA3D21}.Debug|x86.Build.0 = Debug|x86
		{A9915F40-5508-4E2C-A3A8-66C320FA3D21}.Release|Any CPU.ActiveCfg = Release|Any CPU
		{A9915F40-5508-4E2C-A3A8-66C320FA3D21}.Release|Any CPU.Build.0 = Release|Any CPU
		{A9915F40-5508-4E2C-A3A8-66C320FA3D21}.Release|x64.ActiveCfg = Release|x64
		{A9915F40-5508-4E2C-A3A8-66C320FA3D21}.Release|x64.Build.0 = Release|x64
		{A9915F40-5508-4E2C-A3A8-66C320FA3D21}.Release|x86.ActiveCfg = Release|x86
		{A9915F40-5508-4E2C-A3A8-66C320FA3D21}.Release|x86.Build.0 = Release|x86
		{F4434ACE-5949-4D49-AA7C-3D7E96C3BF8F}.Debug|Any CPU.ActiveCfg = Debug|Any CPU
		{F4434ACE-5949-4D49-AA7C-3D7E96C3BF8F}.Debug|Any CPU.Build.0 = Debug|Any CPU
		{F4434ACE-5949-4D49-AA7C-3D7E96C3BF8F}.Debug|x64.ActiveCfg = Debug|x64
		{F4434ACE-5949-4D49-AA7C-3D7E96C3BF8F}.Debug|x64.Build.0 = Debug|x64
		{F4434ACE-5949-4D49-AA7C-3D7E96C3BF8F}.Debug|x86.ActiveCfg = Debug|x86
		{F4434ACE-5949-4D49-AA7C-3D7E96C3BF8F}.Debug|x86.Build.0 = Debug|x86
		{F4434ACE-5949-4D49-AA7C-3D7E96C3BF8F}.Release|Any CPU.ActiveCfg = Release|Any CPU
		{F4434ACE-5949-4D49-AA7C-3D7E96C3BF8F}.Release|Any CPU.Build.0 = Release|Any CPU
		{F4434ACE-5949-4D49-AA7C-3D7E96C3BF8F}.Release|x64.ActiveCfg = Release|x64
		{F4434ACE-5949-4D49-AA7C-3D7E96C3BF8F}.Release|x64.Build.0 = Release|x64
		{F4434ACE-5949-4D49-AA7C-3D7E96C3BF8F}.Release|x86.ActiveCfg = Release|x86
		{F4434ACE-5949-4D49-AA7C-3D7E96C3BF8F}.Release|x86.Build.0 = Release|x86
	EndGlobalSection
EndGlobal
